// !$*UTF8*$!
{
	archiveVersion = 1;
	classes = {
	};
	objectVersion = 50;
	objects = {

/* Begin PBXBuildFile section */
		4B174AAE2549DF6E0049205D /* AHConstant.swift in Sources */ = {isa = PBXBuildFile; fileRef = 4B174AAD2549DF6E0049205D /* AHConstant.swift */; };
		4B174AB02549DF850049205D /* AHUtils.swift in Sources */ = {isa = PBXBuildFile; fileRef = 4B174AAF2549DF850049205D /* AHUtils.swift */; };
		4B174AB42549E1EA0049205D /* Photos.swift in Sources */ = {isa = PBXBuildFile; fileRef = 4B174AB22549E1EA0049205D /* Photos.swift */; };
		4B174AB52549E1EA0049205D /* Photo.swift in Sources */ = {isa = PBXBuildFile; fileRef = 4B174AB32549E1EA0049205D /* Photo.swift */; };
		4B174AB72549E4660049205D /* AHFlickrResult.swift in Sources */ = {isa = PBXBuildFile; fileRef = 4B174AB62549E4660049205D /* AHFlickrResult.swift */; };
		4B66732125498BD4001F1CD0 /* AHNetworkManager.swift in Sources */ = {isa = PBXBuildFile; fileRef = 4B66732025498BD4001F1CD0 /* AHNetworkManager.swift */; };
		4B7E684C254968C9004DA62E /* AppDelegate.swift in Sources */ = {isa = PBXBuildFile; fileRef = 4B7E684B254968C9004DA62E /* AppDelegate.swift */; };
		4B7E684E254968C9004DA62E /* SceneDelegate.swift in Sources */ = {isa = PBXBuildFile; fileRef = 4B7E684D254968C9004DA62E /* SceneDelegate.swift */; };
		4B7E6850254968C9004DA62E /* ViewController.swift in Sources */ = {isa = PBXBuildFile; fileRef = 4B7E684F254968C9004DA62E /* ViewController.swift */; };
		4B7E6853254968C9004DA62E /* Main.storyboard in Resources */ = {isa = PBXBuildFile; fileRef = 4B7E6851254968C9004DA62E /* Main.storyboard */; };
		4B7E6855254968CE004DA62E /* Assets.xcassets in Resources */ = {isa = PBXBuildFile; fileRef = 4B7E6854254968CE004DA62E /* Assets.xcassets */; };
		4B7E6858254968CE004DA62E /* LaunchScreen.storyboard in Resources */ = {isa = PBXBuildFile; fileRef = 4B7E6856254968CE004DA62E /* LaunchScreen.storyboard */; };
		4B7E6863254968CF004DA62E /* AHFlickrPOCTests.swift in Sources */ = {isa = PBXBuildFile; fileRef = 4B7E6862254968CF004DA62E /* AHFlickrPOCTests.swift */; };
		4B7E686E254968CF004DA62E /* AHFlickrPOCUITests.swift in Sources */ = {isa = PBXBuildFile; fileRef = 4B7E686D254968CF004DA62E /* AHFlickrPOCUITests.swift */; };
		4B7E687E25496F1C004DA62E /* AHFlickrCollectionCell.swift in Sources */ = {isa = PBXBuildFile; fileRef = 4B7E687C25496F1C004DA62E /* AHFlickrCollectionCell.swift */; };
		4B7E687F25496F1C004DA62E /* AHFlickrCollectionCell.xib in Resources */ = {isa = PBXBuildFile; fileRef = 4B7E687D25496F1C004DA62E /* AHFlickrCollectionCell.xib */; };
		4B7E688225498373004DA62E /* AHURLRequest.swift in Sources */ = {isa = PBXBuildFile; fileRef = 4B7E688125498373004DA62E /* AHURLRequest.swift */; };
		4BEB784F254AC71A006D7E41 /* Extentsions.swift in Sources */ = {isa = PBXBuildFile; fileRef = 4BEB784E254AC71A006D7E41 /* Extentsions.swift */; };
/* End PBXBuildFile section */

/* Begin PBXContainerItemProxy section */
		4B7E685F254968CF004DA62E /* PBXContainerItemProxy */ = {
			isa = PBXContainerItemProxy;
			containerPortal = 4B7E6840254968C9004DA62E /* Project object */;
			proxyType = 1;
			remoteGlobalIDString = 4B7E6847254968C9004DA62E;
			remoteInfo = AHFlickrPOC;
		};
		4B7E686A254968CF004DA62E /* PBXContainerItemProxy */ = {
			isa = PBXContainerItemProxy;
			containerPortal = 4B7E6840254968C9004DA62E /* Project object */;
			proxyType = 1;
			remoteGlobalIDString = 4B7E6847254968C9004DA62E;
			remoteInfo = AHFlickrPOC;
		};
/* End PBXContainerItemProxy section */

/* Begin PBXFileReference section */
		4B174AAD2549DF6E0049205D /* AHConstant.swift */ = {isa = PBXFileReference; lastKnownFileType = sourcecode.swift; path = AHConstant.swift; sourceTree = "<group>"; };
		4B174AAF2549DF850049205D /* AHUtils.swift */ = {isa = PBXFileReference; lastKnownFileType = sourcecode.swift; path = AHUtils.swift; sourceTree = "<group>"; };
		4B174AB22549E1EA0049205D /* Photos.swift */ = {isa = PBXFileReference; fileEncoding = 4; lastKnownFileType = sourcecode.swift; path = Photos.swift; sourceTree = "<group>"; };
		4B174AB32549E1EA0049205D /* Photo.swift */ = {isa = PBXFileReference; fileEncoding = 4; lastKnownFileType = sourcecode.swift; path = Photo.swift; sourceTree = "<group>"; };
		4B174AB62549E4660049205D /* AHFlickrResult.swift */ = {isa = PBXFileReference; lastKnownFileType = sourcecode.swift; path = AHFlickrResult.swift; sourceTree = "<group>"; };
		4B66732025498BD4001F1CD0 /* AHNetworkManager.swift */ = {isa = PBXFileReference; lastKnownFileType = sourcecode.swift; path = AHNetworkManager.swift; sourceTree = "<group>"; };
		4B7E6848254968C9004DA62E /* AHFlickrPOC.app */ = {isa = PBXFileReference; explicitFileType = wrapper.application; includeInIndex = 0; path = AHFlickrPOC.app; sourceTree = BUILT_PRODUCTS_DIR; };
		4B7E684B254968C9004DA62E /* AppDelegate.swift */ = {isa = PBXFileReference; lastKnownFileType = sourcecode.swift; path = AppDelegate.swift; sourceTree = "<group>"; };
		4B7E684D254968C9004DA62E /* SceneDelegate.swift */ = {isa = PBXFileReference; lastKnownFileType = sourcecode.swift; path = SceneDelegate.swift; sourceTree = "<group>"; };
		4B7E684F254968C9004DA62E /* ViewController.swift */ = {isa = PBXFileReference; lastKnownFileType = sourcecode.swift; path = ViewController.swift; sourceTree = "<group>"; };
		4B7E6852254968C9004DA62E /* Base */ = {isa = PBXFileReference; lastKnownFileType = file.storyboard; name = Base; path = Base.lproj/Main.storyboard; sourceTree = "<group>"; };
		4B7E6854254968CE004DA62E /* Assets.xcassets */ = {isa = PBXFileReference; lastKnownFileType = folder.assetcatalog; path = Assets.xcassets; sourceTree = "<group>"; };
		4B7E6857254968CE004DA62E /* Base */ = {isa = PBXFileReference; lastKnownFileType = file.storyboard; name = Base; path = Base.lproj/LaunchScreen.storyboard; sourceTree = "<group>"; };
		4B7E6859254968CE004DA62E /* Info.plist */ = {isa = PBXFileReference; lastKnownFileType = text.plist.xml; path = Info.plist; sourceTree = "<group>"; };
		4B7E685E254968CF004DA62E /* AHFlickrPOCTests.xctest */ = {isa = PBXFileReference; explicitFileType = wrapper.cfbundle; includeInIndex = 0; path = AHFlickrPOCTests.xctest; sourceTree = BUILT_PRODUCTS_DIR; };
		4B7E6862254968CF004DA62E /* AHFlickrPOCTests.swift */ = {isa = PBXFileReference; lastKnownFileType = sourcecode.swift; path = AHFlickrPOCTests.swift; sourceTree = "<group>"; };
		4B7E6864254968CF004DA62E /* Info.plist */ = {isa = PBXFileReference; lastKnownFileType = text.plist.xml; path = Info.plist; sourceTree = "<group>"; };
		4B7E6869254968CF004DA62E /* AHFlickrPOCUITests.xctest */ = {isa = PBXFileReference; explicitFileType = wrapper.cfbundle; includeInIndex = 0; path = AHFlickrPOCUITests.xctest; sourceTree = BUILT_PRODUCTS_DIR; };
		4B7E686D254968CF004DA62E /* AHFlickrPOCUITests.swift */ = {isa = PBXFileReference; lastKnownFileType = sourcecode.swift; path = AHFlickrPOCUITests.swift; sourceTree = "<group>"; };
		4B7E686F254968CF004DA62E /* Info.plist */ = {isa = PBXFileReference; lastKnownFileType = text.plist.xml; path = Info.plist; sourceTree = "<group>"; };
		4B7E687C25496F1C004DA62E /* AHFlickrCollectionCell.swift */ = {isa = PBXFileReference; lastKnownFileType = sourcecode.swift; path = AHFlickrCollectionCell.swift; sourceTree = "<group>"; };
		4B7E687D25496F1C004DA62E /* AHFlickrCollectionCell.xib */ = {isa = PBXFileReference; lastKnownFileType = file.xib; path = AHFlickrCollectionCell.xib; sourceTree = "<group>"; };
		4B7E688125498373004DA62E /* AHURLRequest.swift */ = {isa = PBXFileReference; lastKnownFileType = sourcecode.swift; path = AHURLRequest.swift; sourceTree = "<group>"; };
		4BEB784E254AC71A006D7E41 /* Extentsions.swift */ = {isa = PBXFileReference; fileEncoding = 4; lastKnownFileType = sourcecode.swift; path = Extentsions.swift; sourceTree = "<group>"; };
/* End PBXFileReference section */

/* Begin PBXFrameworksBuildPhase section */
		4B7E6845254968C9004DA62E /* Frameworks */ = {
			isa = PBXFrameworksBuildPhase;
			buildActionMask = 2147483647;
			files = (
			);
			runOnlyForDeploymentPostprocessing = 0;
		};
		4B7E685B254968CF004DA62E /* Frameworks */ = {
			isa = PBXFrameworksBuildPhase;
			buildActionMask = 2147483647;
			files = (
			);
			runOnlyForDeploymentPostprocessing = 0;
		};
		4B7E6866254968CF004DA62E /* Frameworks */ = {
			isa = PBXFrameworksBuildPhase;
			buildActionMask = 2147483647;
			files = (
			);
			runOnlyForDeploymentPostprocessing = 0;
		};
/* End PBXFrameworksBuildPhase section */

/* Begin PBXGroup section */
		4B174AAC2549DF5A0049205D /* Utils */ = {
			isa = PBXGroup;
			children = (
				4B174AAD2549DF6E0049205D /* AHConstant.swift */,
				4B174AAF2549DF850049205D /* AHUtils.swift */,
				4BEB784E254AC71A006D7E41 /* Extentsions.swift */,
			);
			path = Utils;
			sourceTree = "<group>";
		};
		4B174AB12549E1AF0049205D /* Models */ = {
			isa = PBXGroup;
			children = (
				4B174AB32549E1EA0049205D /* Photo.swift */,
				4B174AB22549E1EA0049205D /* Photos.swift */,
				4B174AB62549E4660049205D /* AHFlickrResult.swift */,
			);
			path = Models;
			sourceTree = "<group>";
		};
		4B7E683F254968C9004DA62E = {
			isa = PBXGroup;
			children = (
				4B7E684A254968C9004DA62E /* AHFlickrPOC */,
				4B7E6861254968CF004DA62E /* AHFlickrPOCTests */,
				4B7E686C254968CF004DA62E /* AHFlickrPOCUITests */,
				4B7E6849254968C9004DA62E /* Products */,
			);
			sourceTree = "<group>";
		};
		4B7E6849254968C9004DA62E /* Products */ = {
			isa = PBXGroup;
			children = (
				4B7E6848254968C9004DA62E /* AHFlickrPOC.app */,
				4B7E685E254968CF004DA62E /* AHFlickrPOCTests.xctest */,
				4B7E6869254968CF004DA62E /* AHFlickrPOCUITests.xctest */,
			);
			name = Products;
			sourceTree = "<group>";
		};
		4B7E684A254968C9004DA62E /* AHFlickrPOC */ = {
			isa = PBXGroup;
			children = (
				4B174AB12549E1AF0049205D /* Models */,
				4B174AAC2549DF5A0049205D /* Utils */,
				4B7E6880254979C7004DA62E /* NetworkApiCall */,
				4B7E687B25496EA9004DA62E /* Views */,
				4B7E684B254968C9004DA62E /* AppDelegate.swift */,
				4B7E684D254968C9004DA62E /* SceneDelegate.swift */,
				4B7E684F254968C9004DA62E /* ViewController.swift */,
				4B7E6851254968C9004DA62E /* Main.storyboard */,
				4B7E6854254968CE004DA62E /* Assets.xcassets */,
				4B7E6856254968CE004DA62E /* LaunchScreen.storyboard */,
				4B7E6859254968CE004DA62E /* Info.plist */,
			);
			path = AHFlickrPOC;
			sourceTree = "<group>";
		};
		4B7E6861254968CF004DA62E /* AHFlickrPOCTests */ = {
			isa = PBXGroup;
			children = (
				4B7E6862254968CF004DA62E /* AHFlickrPOCTests.swift */,
				4B7E6864254968CF004DA62E /* Info.plist */,
			);
			path = AHFlickrPOCTests;
			sourceTree = "<group>";
		};
		4B7E686C254968CF004DA62E /* AHFlickrPOCUITests */ = {
			isa = PBXGroup;
			children = (
				4B7E686D254968CF004DA62E /* AHFlickrPOCUITests.swift */,
				4B7E686F254968CF004DA62E /* Info.plist */,
			);
			path = AHFlickrPOCUITests;
			sourceTree = "<group>";
		};
		4B7E687B25496EA9004DA62E /* Views */ = {
			isa = PBXGroup;
			children = (
				4B7E687C25496F1C004DA62E /* AHFlickrCollectionCell.swift */,
				4B7E687D25496F1C004DA62E /* AHFlickrCollectionCell.xib */,
			);
			path = Views;
			sourceTree = "<group>";
		};
		4B7E6880254979C7004DA62E /* NetworkApiCall */ = {
			isa = PBXGroup;
			children = (
				4B7E688125498373004DA62E /* AHURLRequest.swift */,
				4B66732025498BD4001F1CD0 /* AHNetworkManager.swift */,
			);
			path = NetworkApiCall;
			sourceTree = "<group>";
		};
/* End PBXGroup section */

/* Begin PBXNativeTarget section */
		4B7E6847254968C9004DA62E /* AHFlickrPOC */ = {
			isa = PBXNativeTarget;
			buildConfigurationList = 4B7E6872254968CF004DA62E /* Build configuration list for PBXNativeTarget "AHFlickrPOC" */;
			buildPhases = (
				4B7E6844254968C9004DA62E /* Sources */,
				4B7E6845254968C9004DA62E /* Frameworks */,
				4B7E6846254968C9004DA62E /* Resources */,
			);
			buildRules = (
			);
			dependencies = (
			);
			name = AHFlickrPOC;
			productName = AHFlickrPOC;
			productReference = 4B7E6848254968C9004DA62E /* AHFlickrPOC.app */;
			productType = "com.apple.product-type.application";
		};
		4B7E685D254968CF004DA62E /* AHFlickrPOCTests */ = {
			isa = PBXNativeTarget;
			buildConfigurationList = 4B7E6875254968CF004DA62E /* Build configuration list for PBXNativeTarget "AHFlickrPOCTests" */;
			buildPhases = (
				4B7E685A254968CF004DA62E /* Sources */,
				4B7E685B254968CF004DA62E /* Frameworks */,
				4B7E685C254968CF004DA62E /* Resources */,
			);
			buildRules = (
			);
			dependencies = (
				4B7E6860254968CF004DA62E /* PBXTargetDependency */,
			);
			name = AHFlickrPOCTests;
			productName = AHFlickrPOCTests;
			productReference = 4B7E685E254968CF004DA62E /* AHFlickrPOCTests.xctest */;
			productType = "com.apple.product-type.bundle.unit-test";
		};
		4B7E6868254968CF004DA62E /* AHFlickrPOCUITests */ = {
			isa = PBXNativeTarget;
			buildConfigurationList = 4B7E6878254968CF004DA62E /* Build configuration list for PBXNativeTarget "AHFlickrPOCUITests" */;
			buildPhases = (
				4B7E6865254968CF004DA62E /* Sources */,
				4B7E6866254968CF004DA62E /* Frameworks */,
				4B7E6867254968CF004DA62E /* Resources */,
			);
			buildRules = (
			);
			dependencies = (
				4B7E686B254968CF004DA62E /* PBXTargetDependency */,
			);
			name = AHFlickrPOCUITests;
			productName = AHFlickrPOCUITests;
			productReference = 4B7E6869254968CF004DA62E /* AHFlickrPOCUITests.xctest */;
			productType = "com.apple.product-type.bundle.ui-testing";
		};
/* End PBXNativeTarget section */

/* Begin PBXProject section */
		4B7E6840254968C9004DA62E /* Project object */ = {
			isa = PBXProject;
			attributes = {
				CLASSPREFIX = AH;
				LastSwiftUpdateCheck = 1150;
				LastUpgradeCheck = 1150;
				ORGANIZATIONNAME = athenahealth;
				TargetAttributes = {
					4B7E6847254968C9004DA62E = {
						CreatedOnToolsVersion = 11.5;
					};
					4B7E685D254968CF004DA62E = {
						CreatedOnToolsVersion = 11.5;
						TestTargetID = 4B7E6847254968C9004DA62E;
					};
					4B7E6868254968CF004DA62E = {
						CreatedOnToolsVersion = 11.5;
						TestTargetID = 4B7E6847254968C9004DA62E;
					};
				};
			};
			buildConfigurationList = 4B7E6843254968C9004DA62E /* Build configuration list for PBXProject "AHFlickrPOC" */;
			compatibilityVersion = "Xcode 9.3";
			developmentRegion = en;
			hasScannedForEncodings = 0;
			knownRegions = (
				en,
				Base,
			);
			mainGroup = 4B7E683F254968C9004DA62E;
			productRefGroup = 4B7E6849254968C9004DA62E /* Products */;
			projectDirPath = "";
			projectRoot = "";
			targets = (
				4B7E6847254968C9004DA62E /* AHFlickrPOC */,
				4B7E685D254968CF004DA62E /* AHFlickrPOCTests */,
				4B7E6868254968CF004DA62E /* AHFlickrPOCUITests */,
			);
		};
/* End PBXProject section */

/* Begin PBXResourcesBuildPhase section */
		4B7E6846254968C9004DA62E /* Resources */ = {
			isa = PBXResourcesBuildPhase;
			buildActionMask = 2147483647;
			files = (
				4B7E687F25496F1C004DA62E /* AHFlickrCollectionCell.xib in Resources */,
				4B7E6858254968CE004DA62E /* LaunchScreen.storyboard in Resources */,
				4B7E6855254968CE004DA62E /* Assets.xcassets in Resources */,
				4B7E6853254968C9004DA62E /* Main.storyboard in Resources */,
			);
			runOnlyForDeploymentPostprocessing = 0;
		};
		4B7E685C254968CF004DA62E /* Resources */ = {
			isa = PBXResourcesBuildPhase;
			buildActionMask = 2147483647;
			files = (
			);
			runOnlyForDeploymentPostprocessing = 0;
		};
		4B7E6867254968CF004DA62E /* Resources */ = {
			isa = PBXResourcesBuildPhase;
			buildActionMask = 2147483647;
			files = (
			);
			runOnlyForDeploymentPostprocessing = 0;
		};
/* End PBXResourcesBuildPhase section */

/* Begin PBXSourcesBuildPhase section */
		4B7E6844254968C9004DA62E /* Sources */ = {
			isa = PBXSourcesBuildPhase;
			buildActionMask = 2147483647;
			files = (
				4B174AB42549E1EA0049205D /* Photos.swift in Sources */,
				4B7E687E25496F1C004DA62E /* AHFlickrCollectionCell.swift in Sources */,
				4B66732125498BD4001F1CD0 /* AHNetworkManager.swift in Sources */,
				4B174AB72549E4660049205D /* AHFlickrResult.swift in Sources */,
				4B174AB02549DF850049205D /* AHUtils.swift in Sources */,
				4B174AB52549E1EA0049205D /* Photo.swift in Sources */,
				4B7E6850254968C9004DA62E /* ViewController.swift in Sources */,
				4B7E684C254968C9004DA62E /* AppDelegate.swift in Sources */,
				4BEB784F254AC71A006D7E41 /* Extentsions.swift in Sources */,
				4B7E684E254968C9004DA62E /* SceneDelegate.swift in Sources */,
				4B7E688225498373004DA62E /* AHURLRequest.swift in Sources */,
				4B174AAE2549DF6E0049205D /* AHConstant.swift in Sources */,
			);
			runOnlyForDeploymentPostprocessing = 0;
		};
		4B7E685A254968CF004DA62E /* Sources */ = {
			isa = PBXSourcesBuildPhase;
			buildActionMask = 2147483647;
			files = (
				4B7E6863254968CF004DA62E /* AHFlickrPOCTests.swift in Sources */,
			);
			runOnlyForDeploymentPostprocessing = 0;
		};
		4B7E6865254968CF004DA62E /* Sources */ = {
			isa = PBXSourcesBuildPhase;
			buildActionMask = 2147483647;
			files = (
				4B7E686E254968CF004DA62E /* AHFlickrPOCUITests.swift in Sources */,
			);
			runOnlyForDeploymentPostprocessing = 0;
		};
/* End PBXSourcesBuildPhase section */

/* Begin PBXTargetDependency section */
		4B7E6860254968CF004DA62E /* PBXTargetDependency */ = {
			isa = PBXTargetDependency;
			target = 4B7E6847254968C9004DA62E /* AHFlickrPOC */;
			targetProxy = 4B7E685F254968CF004DA62E /* PBXContainerItemProxy */;
		};
		4B7E686B254968CF004DA62E /* PBXTargetDependency */ = {
			isa = PBXTargetDependency;
			target = 4B7E6847254968C9004DA62E /* AHFlickrPOC */;
			targetProxy = 4B7E686A254968CF004DA62E /* PBXContainerItemProxy */;
		};
/* End PBXTargetDependency section */

/* Begin PBXVariantGroup section */
		4B7E6851254968C9004DA62E /* Main.storyboard */ = {
			isa = PBXVariantGroup;
			children = (
				4B7E6852254968C9004DA62E /* Base */,
			);
			name = Main.storyboard;
			sourceTree = "<group>";
		};
		4B7E6856254968CE004DA62E /* LaunchScreen.storyboard */ = {
			isa = PBXVariantGroup;
			children = (
				4B7E6857254968CE004DA62E /* Base */,
			);
			name = LaunchScreen.storyboard;
			sourceTree = "<group>";
		};
/* End PBXVariantGroup section */

/* Begin XCBuildConfiguration section */
		4B7E6870254968CF004DA62E /* Debug */ = {
			isa = XCBuildConfiguration;
			buildSettings = {
				ALWAYS_SEARCH_USER_PATHS = NO;
				CLANG_ANALYZER_NONNULL = YES;
				CLANG_ANALYZER_NUMBER_OBJECT_CONVERSION = YES_AGGRESSIVE;
				CLANG_CXX_LANGUAGE_STANDARD = "gnu++14";
				CLANG_CXX_LIBRARY = "libc++";
				CLANG_ENABLE_MODULES = YES;
				CLANG_ENABLE_OBJC_ARC = YES;
				CLANG_ENABLE_OBJC_WEAK = YES;
				CLANG_WARN_BLOCK_CAPTURE_AUTORELEASING = YES;
				CLANG_WARN_BOOL_CONVERSION = YES;
				CLANG_WARN_COMMA = YES;
				CLANG_WARN_CONSTANT_CONVERSION = YES;
				CLANG_WARN_DEPRECATED_OBJC_IMPLEMENTATIONS = YES;
				CLANG_WARN_DIRECT_OBJC_ISA_USAGE = YES_ERROR;
				CLANG_WARN_DOCUMENTATION_COMMENTS = YES;
				CLANG_WARN_EMPTY_BODY = YES;
				CLANG_WARN_ENUM_CONVERSION = YES;
				CLANG_WARN_INFINITE_RECURSION = YES;
				CLANG_WARN_INT_CONVERSION = YES;
				CLANG_WARN_NON_LITERAL_NULL_CONVERSION = YES;
				CLANG_WARN_OBJC_IMPLICIT_RETAIN_SELF = YES;
				CLANG_WARN_OBJC_LITERAL_CONVERSION = YES;
				CLANG_WARN_OBJC_ROOT_CLASS = YES_ERROR;
				CLANG_WARN_RANGE_LOOP_ANALYSIS = YES;
				CLANG_WARN_STRICT_PROTOTYPES = YES;
				CLANG_WARN_SUSPICIOUS_MOVE = YES;
				CLANG_WARN_UNGUARDED_AVAILABILITY = YES_AGGRESSIVE;
				CLANG_WARN_UNREACHABLE_CODE = YES;
				CLANG_WARN__DUPLICATE_METHOD_MATCH = YES;
				COPY_PHASE_STRIP = NO;
				DEBUG_INFORMATION_FORMAT = dwarf;
				ENABLE_STRICT_OBJC_MSGSEND = YES;
				ENABLE_TESTABILITY = YES;
				GCC_C_LANGUAGE_STANDARD = gnu11;
				GCC_DYNAMIC_NO_PIC = NO;
				GCC_NO_COMMON_BLOCKS = YES;
				GCC_OPTIMIZATION_LEVEL = 0;
				GCC_PREPROCESSOR_DEFINITIONS = (
					"DEBUG=1",
					"$(inherited)",
				);
				GCC_WARN_64_TO_32_BIT_CONVERSION = YES;
				GCC_WARN_ABOUT_RETURN_TYPE = YES_ERROR;
				GCC_WARN_UNDECLARED_SELECTOR = YES;
				GCC_WARN_UNINITIALIZED_AUTOS = YES_AGGRESSIVE;
				GCC_WARN_UNUSED_FUNCTION = YES;
				GCC_WARN_UNUSED_VARIABLE = YES;
				IPHONEOS_DEPLOYMENT_TARGET = 13.5;
				MTL_ENABLE_DEBUG_INFO = INCLUDE_SOURCE;
				MTL_FAST_MATH = YES;
				ONLY_ACTIVE_ARCH = YES;
				SDKROOT = iphoneos;
				SWIFT_ACTIVE_COMPILATION_CONDITIONS = DEBUG;
				SWIFT_OPTIMIZATION_LEVEL = "-Onone";
			};
			name = Debug;
		};
		4B7E6871254968CF004DA62E /* Release */ = {
			isa = XCBuildConfiguration;
			buildSettings = {
				ALWAYS_SEARCH_USER_PATHS = NO;
				CLANG_ANALYZER_NONNULL = YES;
				CLANG_ANALYZER_NUMBER_OBJECT_CONVERSION = YES_AGGRESSIVE;
				CLANG_CXX_LANGUAGE_STANDARD = "gnu++14";
				CLANG_CXX_LIBRARY = "libc++";
				CLANG_ENABLE_MODULES = YES;
				CLANG_ENABLE_OBJC_ARC = YES;
				CLANG_ENABLE_OBJC_WEAK = YES;
				CLANG_WARN_BLOCK_CAPTURE_AUTORELEASING = YES;
				CLANG_WARN_BOOL_CONVERSION = YES;
				CLANG_WARN_COMMA = YES;
				CLANG_WARN_CONSTANT_CONVERSION = YES;
				CLANG_WARN_DEPRECATED_OBJC_IMPLEMENTATIONS = YES;
				CLANG_WARN_DIRECT_OBJC_ISA_USAGE = YES_ERROR;
				CLANG_WARN_DOCUMENTATION_COMMENTS = YES;
				CLANG_WARN_EMPTY_BODY = YES;
				CLANG_WARN_ENUM_CONVERSION = YES;
				CLANG_WARN_INFINITE_RECURSION = YES;
				CLANG_WARN_INT_CONVERSION = YES;
				CLANG_WARN_NON_LITERAL_NULL_CONVERSION = YES;
				CLANG_WARN_OBJC_IMPLICIT_RETAIN_SELF = YES;
				CLANG_WARN_OBJC_LITERAL_CONVERSION = YES;
				CLANG_WARN_OBJC_ROOT_CLASS = YES_ERROR;
				CLANG_WARN_RANGE_LOOP_ANALYSIS = YES;
				CLANG_WARN_STRICT_PROTOTYPES = YES;
				CLANG_WARN_SUSPICIOUS_MOVE = YES;
				CLANG_WARN_UNGUARDED_AVAILABILITY = YES_AGGRESSIVE;
				CLANG_WARN_UNREACHABLE_CODE = YES;
				CLANG_WARN__DUPLICATE_METHOD_MATCH = YES;
				COPY_PHASE_STRIP = NO;
				DEBUG_INFORMATION_FORMAT = "dwarf-with-dsym";
				ENABLE_NS_ASSERTIONS = NO;
				ENABLE_STRICT_OBJC_MSGSEND = YES;
				GCC_C_LANGUAGE_STANDARD = gnu11;
				GCC_NO_COMMON_BLOCKS = YES;
				GCC_WARN_64_TO_32_BIT_CONVERSION = YES;
				GCC_WARN_ABOUT_RETURN_TYPE = YES_ERROR;
				GCC_WARN_UNDECLARED_SELECTOR = YES;
				GCC_WARN_UNINITIALIZED_AUTOS = YES_AGGRESSIVE;
				GCC_WARN_UNUSED_FUNCTION = YES;
				GCC_WARN_UNUSED_VARIABLE = YES;
				IPHONEOS_DEPLOYMENT_TARGET = 13.5;
				MTL_ENABLE_DEBUG_INFO = NO;
				MTL_FAST_MATH = YES;
				SDKROOT = iphoneos;
				SWIFT_COMPILATION_MODE = wholemodule;
				SWIFT_OPTIMIZATION_LEVEL = "-O";
				VALIDATE_PRODUCT = YES;
			};
			name = Release;
		};
		4B7E6873254968CF004DA62E /* Debug */ = {
			isa = XCBuildConfiguration;
			buildSettings = {
				ASSETCATALOG_COMPILER_APPICON_NAME = AppIcon;
				CODE_SIGN_STYLE = Automatic;
				INFOPLIST_FILE = AHFlickrPOC/Info.plist;
				LD_RUNPATH_SEARCH_PATHS = (
					"$(inherited)",
					"@executable_path/Frameworks",
				);
				PRODUCT_BUNDLE_IDENTIFIER = athena.AHFlickrPOC;
				PRODUCT_NAME = "$(TARGET_NAME)";
				SWIFT_VERSION = 5.0;
				TARGETED_DEVICE_FAMILY = "1,2";
			};
			name = Debug;
		};
		4B7E6874254968CF004DA62E /* Release */ = {
			isa = XCBuildConfiguration;
			buildSettings = {
				ASSETCATALOG_COMPILER_APPICON_NAME = AppIcon;
				CODE_SIGN_STYLE = Automatic;
				INFOPLIST_FILE = AHFlickrPOC/Info.plist;
				LD_RUNPATH_SEARCH_PATHS = (
					"$(inherited)",
					"@executable_path/Frameworks",
				);
				PRODUCT_BUNDLE_IDENTIFIER = athena.AHFlickrPOC;
				PRODUCT_NAME = "$(TARGET_NAME)";
				SWIFT_VERSION = 5.0;
				TARGETED_DEVICE_FAMILY = "1,2";
			};
			name = Release;
		};
		4B7E6876254968CF004DA62E /* Debug */ = {
			isa = XCBuildConfiguration;
			buildSettings = {
				ALWAYS_EMBED_SWIFT_STANDARD_LIBRARIES = YES;
				BUNDLE_LOADER = "$(TEST_HOST)";
				CODE_SIGN_STYLE = Automatic;
				INFOPLIST_FILE = AHFlickrPOCTests/Info.plist;
				IPHONEOS_DEPLOYMENT_TARGET = 13.5;
				LD_RUNPATH_SEARCH_PATHS = (
					"$(inherited)",
					"@executable_path/Frameworks",
					"@loader_path/Frameworks",
				);
				PRODUCT_BUNDLE_IDENTIFIER = athena.AHFlickrPOCTests;
				PRODUCT_NAME = "$(TARGET_NAME)";
				SWIFT_VERSION = 5.0;
				TARGETED_DEVICE_FAMILY = "1,2";
				TEST_HOST = "$(BUILT_PRODUCTS_DIR)/AHFlickrPOC.app/AHFlickrPOC";
			};
			name = Debug;
		};
		4B7E6877254968CF004DA62E /* Release */ = {
			isa = XCBuildConfiguration;
			buildSettings = {
				ALWAYS_EMBED_SWIFT_STANDARD_LIBRARIES = YES;
				BUNDLE_LOADER = "$(TEST_HOST)";
				CODE_SIGN_STYLE = Automatic;
				INFOPLIST_FILE = AHFlickrPOCTests/Info.plist;
				IPHONEOS_DEPLOYMENT_TARGET = 13.5;
				LD_RUNPATH_SEARCH_PATHS = (
					"$(inherited)",
					"@executable_path/Frameworks",
					"@loader_path/Frameworks",
				);
				PRODUCT_BUNDLE_IDENTIFIER = athena.AHFlickrPOCTests;
				PRODUCT_NAME = "$(TARGET_NAME)";
				SWIFT_VERSION = 5.0;
				TARGETED_DEVICE_FAMILY = "1,2";
				TEST_HOST = "$(BUILT_PRODUCTS_DIR)/AHFlickrPOC.app/AHFlickrPOC";
			};
			name = Release;
		};
		4B7E6879254968CF004DA62E /* Debug */ = {
			isa = XCBuildConfiguration;
			buildSettings = {
				ALWAYS_EMBED_SWIFT_STANDARD_LIBRARIES = YES;
				CODE_SIGN_STYLE = Automatic;
				INFOPLIST_FILE = AHFlickrPOCUITests/Info.plist;
				LD_RUNPATH_SEARCH_PATHS = (
					"$(inherited)",
					"@executable_path/Frameworks",
					"@loader_path/Frameworks",
				);
				PRODUCT_BUNDLE_IDENTIFIER = athena.AHFlickrPOCUITests;
				PRODUCT_NAME = "$(TARGET_NAME)";
				SWIFT_VERSION = 5.0;
				TARGETED_DEVICE_FAMILY = "1,2";
				TEST_TARGET_NAME = AHFlickrPOC;
			};
			name = Debug;
		};
		4B7E687A254968CF004DA62E /* Release */ = {
			isa = XCBuildConfiguration;
			buildSettings = {
				ALWAYS_EMBED_SWIFT_STANDARD_LIBRARIES = YES;
				CODE_SIGN_STYLE = Automatic;
				INFOPLIST_FILE = AHFlickrPOCUITests/Info.plist;
				LD_RUNPATH_SEARCH_PATHS = (
					"$(inherited)",
					"@executable_path/Frameworks",
					"@loader_path/Frameworks",
				);
				PRODUCT_BUNDLE_IDENTIFIER = athena.AHFlickrPOCUITests;
				PRODUCT_NAME = "$(TARGET_NAME)";
				SWIFT_VERSION = 5.0;
				TARGETED_DEVICE_FAMILY = "1,2";
				TEST_TARGET_NAME = AHFlickrPOC;
			};
			name = Release;
		};
/* End XCBuildConfiguration section */

/* Begin XCConfigurationList section */
		4B7E6843254968C9004DA62E /* Build configuration list for PBXProject "AHFlickrPOC" */ = {
			isa = XCConfigurationList;
			buildConfigurations = (
				4B7E6870254968CF004DA62E /* Debug */,
				4B7E6871254968CF004DA62E /* Release */,
			);
			defaultConfigurationIsVisible = 0;
			defaultConfigurationName = Release;
		};
		4B7E6872254968CF004DA62E /* Build configuration list for PBXNativeTarget "AHFlickrPOC" */ = {
			isa = XCConfigurationList;
			buildConfigurations = (
				4B7E6873254968CF004DA62E /* Debug */,
				4B7E6874254968CF004DA62E /* Release */,
			);
			defaultConfigurationIsVisible = 0;
			defaultConfigurationName = Release;
		};
		4B7E6875254968CF004DA62E /* Build configuration list for PBXNativeTarget "AHFlickrPOCTests" */ = {
			isa = XCConfigurationList;
			buildConfigurations = (
				4B7E6876254968CF004DA62E /* Debug */,
				4B7E6877254968CF004DA62E /* Release */,
			);
			defaultConfigurationIsVisible = 0;
			defaultConfigurationName = Release;
		};
		4B7E6878254968CF004DA62E /* Build configuration list for PBXNativeTarget "AHFlickrPOCUITests" */ = {
			isa = XCConfigurationList;
			buildConfigurations = (
				4B7E6879254968CF004DA62E /* Debug */,
				4B7E687A254968CF004DA62E /* Release */,
			);
			defaultConfigurationIsVisible = 0;
			defaultConfigurationName = Release;
		};
/* End XCConfigurationList section */
	};
	rootObject = 4B7E6840254968C9004DA62E /* Project object */;
}
